{
  "nodes": {
    "nixpkgs": {
      "locked": {
        "lastModified": 1613255611,
        "narHash": "sha256-TbkS6l59ccQwD+KZBYs4GtRCxtqiGXwAskwozMFxEKE=",
        "owner": "NixOS",
        "repo": "nixpkgs",
        "rev": "ef56235087081759a6d238f53b6c88845a5610d6",
        "type": "github"
      },
      "original": {
        "owner": "NixOS",
        "ref": "nixos-20.09-small",
        "repo": "nixpkgs",
        "type": "github"
      }
    },
    "root": {
      "inputs": {
        "nixpkgs": "nixpkgs"
      }
    }
  },
  "root": "root",
  "version": 7
}
