{
  "nodes": {
    "nixpkgs": {
      "locked": {
        "lastModified": 1615162706,
        "narHash": "sha256-r7QkUDsIbZ8RH6YU+XW00wM0XW4MXLdEC8QSrDwUGwY=",
        "owner": "NixOS",
        "repo": "nixpkgs",
        "rev": "f26c6ddc472d63418ea9117832d40912407f4abf",
        "type": "github"
      },
      "original": {
        "owner": "NixOS",
        "ref": "nixos-20.09-small",
        "repo": "nixpkgs",
        "type": "github"
      }
    },
    "nixpkgs-unstable": {
      "locked": {
        "lastModified": 1614535430,
        "narHash": "sha256-kZwi0CooIOmFrk9eIteYSZIr4a4DVTEYV7UnURs6DSM=",
        "owner": "NixOS",
        "repo": "nixpkgs",
        "rev": "0aeba64fb26e4defa0842a942757144659c6e29f",
        "type": "github"
      },
      "original": {
        "owner": "NixOS",
        "ref": "nixos-unstable",
        "repo": "nixpkgs",
        "type": "github"
      }
    },
    "root": {
      "inputs": {
        "nixpkgs": "nixpkgs",
        "nixpkgs-unstable": "nixpkgs-unstable"
      }
    }
  },
  "root": "root",
  "version": 7
}
